
Microsoft Visual Studio Solution File, Format Version 12.00
# Visual Studio Version 16
VisualStudioVersion = 16.0.29613.14
MinimumVisualStudioVersion = 10.0.40219.1
Project("{FAE04EC0-301F-11D3-BF4B-00C04F79EFBC}") = "AldiPlugins", "Plugins\AldiPlugins.csproj", "{96CBB39E-AFD8-46B9-BC1C-E08D28CE9FBB}"
EndProject
Project("{FAE04EC0-301F-11D3-BF4B-00C04F79EFBC}") = "PluginTest", "PluginTest\PluginTest.csproj", "{6DB4B013-B1A4-4383-88E9-CA768FA56BC1}"
EndProject
Global
	GlobalSection(SolutionConfigurationPlatforms) = preSolution
		Debug|Any CPU = Debug|Any CPU
		Release|Any CPU = Release|Any CPU
	EndGlobalSection
	GlobalSection(ProjectConfigurationPlatforms) = postSolution
		{96CBB39E-AFD8-46B9-BC1C-E08D28CE9FBB}.Debug|Any CPU.ActiveCfg = Debug|Any CPU
		{96CBB39E-AFD8-46B9-BC1C-E08D28CE9FBB}.Debug|Any CPU.Build.0 = Debug|Any CPU
		{96CBB39E-AFD8-46B9-BC1C-E08D28CE9FBB}.Release|Any CPU.ActiveCfg = Release|Any CPU
		{96CBB39E-AFD8-46B9-BC1C-E08D28CE9FBB}.Release|Any CPU.Build.0 = Release|Any CPU
		{6DB4B013-B1A4-4383-88E9-CA768FA56BC1}.Debug|Any CPU.ActiveCfg = Debug|Any CPU
		{6DB4B013-B1A4-4383-88E9-CA768FA56BC1}.Debug|Any CPU.Build.0 = Debug|Any CPU
		{6DB4B013-B1A4-4383-88E9-CA768FA56BC1}.Release|Any CPU.ActiveCfg = Release|Any CPU
		{6DB4B013-B1A4-4383-88E9-CA768FA56BC1}.Release|Any CPU.Build.0 = Release|Any CPU
	EndGlobalSection
	GlobalSection(SolutionProperties) = preSolution
		HideSolutionNode = FALSE
	EndGlobalSection
	GlobalSection(ExtensibilityGlobals) = postSolution
		SolutionGuid = {1DBC16EA-0E1B-472A-B056-F511843AAA34}
	EndGlobalSection
EndGlobal
